
Microsoft Visual Studio Solution File, Format Version 12.00
# Visual Studio Version 17
VisualStudioVersion = 17.12.35521.163
MinimumVisualStudioVersion = 10.0.40219.1
Project("{FAE04EC0-301F-11D3-BF4B-00C04F79EFBC}") = "ExerciseTests", "ExerciseTests\ExerciseTests.csproj", "{45CF8219-78EA-4AEE-AABD-A2BD40E2FA92}"
EndProject
Project("{FAE04EC0-301F-11D3-BF4B-00C04F79EFBC}") = "ClassLibrary", "ClassLibrary\ClassLibrary.csproj", "{23246DC5-749E-4F2C-B3DA-A92617E01966}"
EndProject
Project("{2150E333-8FDC-42A3-9474-1A3956D46DE8}") = "Basics", "Basics", "{3D98A675-E8CE-4446-B0CE-7F3300BC0A2E}"
EndProject
Project("{2150E333-8FDC-42A3-9474-1A3956D46DE8}") = "BasicsAlgorithm", "BasicsAlgorithm", "{8A60A074-7650-430C-B662-15936D24F605}"
EndProject
Project("{FAE04EC0-301F-11D3-BF4B-00C04F79EFBC}") = "BasicAlgorithmTests", "BasicAlgorithmTests\BasicAlgorithmTests.csproj", "{0E189059-C89D-45A5-ACF6-9EB1F2C8932D}"
EndProject
Project("{FAE04EC0-301F-11D3-BF4B-00C04F79EFBC}") = "BasicAlgorithmClass", "BasicAlgorithmClass\BasicAlgorithmClass.csproj", "{33A77C23-2A54-450A-9626-85D96B855BD6}"
EndProject
Project("{2150E333-8FDC-42A3-9474-1A3956D46DE8}") = "DataTypes", "DataTypes", "{021D90C4-071C-44D0-9D0C-E47116811197}"
EndProject
Project("{FAE04EC0-301F-11D3-BF4B-00C04F79EFBC}") = "DataTypeLibrary", "DataTypeClass\DataTypeLibrary.csproj", "{D5148F20-68E4-4966-8C7E-AC19845203EF}"
EndProject
Project("{FAE04EC0-301F-11D3-BF4B-00C04F79EFBC}") = "DataTypeTests", "DataTypeTests\DataTypeTests.csproj", "{91045497-995F-41A7-8878-C7FCB62DA5CD}"
EndProject
Project("{2150E333-8FDC-42A3-9474-1A3956D46DE8}") = "ConditionalStatements", "ConditionalStatements", "{6C57D29C-B164-447E-82F0-F59D226C6736}"
EndProject
Project("{FAE04EC0-301F-11D3-BF4B-00C04F79EFBC}") = "ConditionalLibrary", "ConditionalLibrary\ConditionalLibrary.csproj", "{4BBBF4B7-EA0C-4EBE-9BEB-F0F45CEB2174}"
EndProject
Project("{FAE04EC0-301F-11D3-BF4B-00C04F79EFBC}") = "ConditionalTests", "ConditionalTests\ConditionalTests.csproj", "{562E0CCB-D8C0-410E-823A-C301226EB130}"
EndProject
Project("{2150E333-8FDC-42A3-9474-1A3956D46DE8}") = "ForLoop", "ForLoop", "{86271382-7642-41C4-98C9-0F864F8421BC}"
EndProject
Project("{FAE04EC0-301F-11D3-BF4B-00C04F79EFBC}") = "ForLoopLibrary", "ForLoopLibrary\ForLoopLibrary.csproj", "{24472585-7B88-4823-940B-AC670A914727}"
EndProject
Project("{FAE04EC0-301F-11D3-BF4B-00C04F79EFBC}") = "ForLoopTests", "ForLoopTests\ForLoopTests.csproj", "{EF00808E-5B6B-43E6-81C4-E06084FC92FC}"
EndProject
Project("{2150E333-8FDC-42A3-9474-1A3956D46DE8}") = "Array", "Array", "{3B5D9DB9-61D2-4195-AAE8-7FE9EB880F23}"
EndProject
Project("{FAE04EC0-301F-11D3-BF4B-00C04F79EFBC}") = "ArrayLibrary", "ArrayLibrary\ArrayLibrary.csproj", "{79BF756B-655A-4640-8BD6-C500693BFF58}"
EndProject
Project("{FAE04EC0-301F-11D3-BF4B-00C04F79EFBC}") = "ArrayTests", "ArrayTests\ArrayTests.csproj", "{85B83C94-3B9D-49D6-8EF0-933D638A73AF}"
EndProject
Project("{2150E333-8FDC-42A3-9474-1A3956D46DE8}") = "Stack", "Stack", "{ED7E5630-D040-4CE3-8A3A-E0059DB11A0A}"
EndProject
Project("{FAE04EC0-301F-11D3-BF4B-00C04F79EFBC}") = "StackLibrary", "StackLibrary\StackLibrary.csproj", "{CFE0950E-32E5-4123-9F7D-B84A5FCB32C0}"
EndProject
Project("{FAE04EC0-301F-11D3-BF4B-00C04F79EFBC}") = "StackTests", "StackTests\StackTests.csproj", "{6D8E551D-CF7B-4A2A-8A05-3A87DE5BE793}"
EndProject
Project("{2150E333-8FDC-42A3-9474-1A3956D46DE8}") = "Math", "Math", "{B8DCDA08-32BA-447E-B75B-76B4F7855279}"
EndProject
Project("{FAE04EC0-301F-11D3-BF4B-00C04F79EFBC}") = "MathTests", "MathTests\MathTests.csproj", "{443ADEB7-2EEA-4B62-9C8A-72E379289F9F}"
EndProject
Project("{FAE04EC0-301F-11D3-BF4B-00C04F79EFBC}") = "MathLibrary", "MathLibrary\MathLibrary.csproj", "{30F6EEBC-11A5-4345-943C-702E39FDAF54}"
EndProject
Project("{2150E333-8FDC-42A3-9474-1A3956D46DE8}") = "Recursion", "Recursion", "{D542D17A-CAD9-4BDA-AE41-9B3379DE47B4}"
EndProject
Project("{FAE04EC0-301F-11D3-BF4B-00C04F79EFBC}") = "RecursionLibrary", "RecursionLibrary\RecursionLibrary.csproj", "{72712E5D-9987-47AA-8866-6AD294B73F9F}"
EndProject
Project("{FAE04EC0-301F-11D3-BF4B-00C04F79EFBC}") = "RecursionTests", "RecursionTests\RecursionTests.csproj", "{D42F111B-676E-4C8E-A866-25997334E4D5}"
EndProject
Project("{2150E333-8FDC-42A3-9474-1A3956D46DE8}") = "LINQ", "LINQ", "{898074A8-62A1-4114-B9C1-8DD1CE127189}"
EndProject
Project("{FAE04EC0-301F-11D3-BF4B-00C04F79EFBC}") = "LINQTests", "LINQTests\LINQTests.csproj", "{4A6C11DF-A32E-4041-8102-39C53BB2E144}"
EndProject
Project("{FAE04EC0-301F-11D3-BF4B-00C04F79EFBC}") = "LINQLibrary", "LINQLibrary\LINQLibrary.csproj", "{B8BC8B9B-49CA-4240-AC8B-EACA6D326474}"
EndProject
Project("{2150E333-8FDC-42A3-9474-1A3956D46DE8}") = "PdfConverter", "PdfConverter", "{4144DF73-9F49-4897-9A10-349F921AEB9E}"
EndProject
Project("{FAE04EC0-301F-11D3-BF4B-00C04F79EFBC}") = "PdfConverterProgram", "iTextSharpProgram\PdfConverterProgram.csproj", "{FA46C4A9-8E5A-479D-AC09-9ADE5B00A992}"
EndProject
Project("{FAE04EC0-301F-11D3-BF4B-00C04F79EFBC}") = "PdfConverterLibrary", "iTextSharpLibrary\PdfConverterLibrary.csproj", "{3795F1F2-74E3-4CFA-ABC7-38143BCCC929}"
EndProject
Global
	GlobalSection(SolutionConfigurationPlatforms) = preSolution
		Debug|Any CPU = Debug|Any CPU
		Release|Any CPU = Release|Any CPU
	EndGlobalSection
	GlobalSection(ProjectConfigurationPlatforms) = postSolution
		{45CF8219-78EA-4AEE-AABD-A2BD40E2FA92}.Debug|Any CPU.ActiveCfg = Debug|Any CPU
		{45CF8219-78EA-4AEE-AABD-A2BD40E2FA92}.Debug|Any CPU.Build.0 = Debug|Any CPU
		{45CF8219-78EA-4AEE-AABD-A2BD40E2FA92}.Release|Any CPU.ActiveCfg = Release|Any CPU
		{45CF8219-78EA-4AEE-AABD-A2BD40E2FA92}.Release|Any CPU.Build.0 = Release|Any CPU
		{23246DC5-749E-4F2C-B3DA-A92617E01966}.Debug|Any CPU.ActiveCfg = Debug|Any CPU
		{23246DC5-749E-4F2C-B3DA-A92617E01966}.Debug|Any CPU.Build.0 = Debug|Any CPU
		{23246DC5-749E-4F2C-B3DA-A92617E01966}.Release|Any CPU.ActiveCfg = Release|Any CPU
		{23246DC5-749E-4F2C-B3DA-A92617E01966}.Release|Any CPU.Build.0 = Release|Any CPU
		{0E189059-C89D-45A5-ACF6-9EB1F2C8932D}.Debug|Any CPU.ActiveCfg = Debug|Any CPU
		{0E189059-C89D-45A5-ACF6-9EB1F2C8932D}.Debug|Any CPU.Build.0 = Debug|Any CPU
		{0E189059-C89D-45A5-ACF6-9EB1F2C8932D}.Release|Any CPU.ActiveCfg = Release|Any CPU
		{0E189059-C89D-45A5-ACF6-9EB1F2C8932D}.Release|Any CPU.Build.0 = Release|Any CPU
		{33A77C23-2A54-450A-9626-85D96B855BD6}.Debug|Any CPU.ActiveCfg = Debug|Any CPU
		{33A77C23-2A54-450A-9626-85D96B855BD6}.Debug|Any CPU.Build.0 = Debug|Any CPU
		{33A77C23-2A54-450A-9626-85D96B855BD6}.Release|Any CPU.ActiveCfg = Release|Any CPU
		{33A77C23-2A54-450A-9626-85D96B855BD6}.Release|Any CPU.Build.0 = Release|Any CPU
		{D5148F20-68E4-4966-8C7E-AC19845203EF}.Debug|Any CPU.ActiveCfg = Debug|Any CPU
		{D5148F20-68E4-4966-8C7E-AC19845203EF}.Debug|Any CPU.Build.0 = Debug|Any CPU
		{D5148F20-68E4-4966-8C7E-AC19845203EF}.Release|Any CPU.ActiveCfg = Release|Any CPU
		{D5148F20-68E4-4966-8C7E-AC19845203EF}.Release|Any CPU.Build.0 = Release|Any CPU
		{91045497-995F-41A7-8878-C7FCB62DA5CD}.Debug|Any CPU.ActiveCfg = Debug|Any CPU
		{91045497-995F-41A7-8878-C7FCB62DA5CD}.Debug|Any CPU.Build.0 = Debug|Any CPU
		{91045497-995F-41A7-8878-C7FCB62DA5CD}.Release|Any CPU.ActiveCfg = Release|Any CPU
		{91045497-995F-41A7-8878-C7FCB62DA5CD}.Release|Any CPU.Build.0 = Release|Any CPU
		{4BBBF4B7-EA0C-4EBE-9BEB-F0F45CEB2174}.Debug|Any CPU.ActiveCfg = Debug|Any CPU
		{4BBBF4B7-EA0C-4EBE-9BEB-F0F45CEB2174}.Debug|Any CPU.Build.0 = Debug|Any CPU
		{4BBBF4B7-EA0C-4EBE-9BEB-F0F45CEB2174}.Release|Any CPU.ActiveCfg = Release|Any CPU
		{4BBBF4B7-EA0C-4EBE-9BEB-F0F45CEB2174}.Release|Any CPU.Build.0 = Release|Any CPU
		{562E0CCB-D8C0-410E-823A-C301226EB130}.Debug|Any CPU.ActiveCfg = Debug|Any CPU
		{562E0CCB-D8C0-410E-823A-C301226EB130}.Debug|Any CPU.Build.0 = Debug|Any CPU
		{562E0CCB-D8C0-410E-823A-C301226EB130}.Release|Any CPU.ActiveCfg = Release|Any CPU
		{562E0CCB-D8C0-410E-823A-C301226EB130}.Release|Any CPU.Build.0 = Release|Any CPU
		{24472585-7B88-4823-940B-AC670A914727}.Debug|Any CPU.ActiveCfg = Debug|Any CPU
		{24472585-7B88-4823-940B-AC670A914727}.Debug|Any CPU.Build.0 = Debug|Any CPU
		{24472585-7B88-4823-940B-AC670A914727}.Release|Any CPU.ActiveCfg = Release|Any CPU
		{24472585-7B88-4823-940B-AC670A914727}.Release|Any CPU.Build.0 = Release|Any CPU
		{EF00808E-5B6B-43E6-81C4-E06084FC92FC}.Debug|Any CPU.ActiveCfg = Debug|Any CPU
		{EF00808E-5B6B-43E6-81C4-E06084FC92FC}.Debug|Any CPU.Build.0 = Debug|Any CPU
		{EF00808E-5B6B-43E6-81C4-E06084FC92FC}.Release|Any CPU.ActiveCfg = Release|Any CPU
		{EF00808E-5B6B-43E6-81C4-E06084FC92FC}.Release|Any CPU.Build.0 = Release|Any CPU
		{79BF756B-655A-4640-8BD6-C500693BFF58}.Debug|Any CPU.ActiveCfg = Debug|Any CPU
		{79BF756B-655A-4640-8BD6-C500693BFF58}.Debug|Any CPU.Build.0 = Debug|Any CPU
		{79BF756B-655A-4640-8BD6-C500693BFF58}.Release|Any CPU.ActiveCfg = Release|Any CPU
		{79BF756B-655A-4640-8BD6-C500693BFF58}.Release|Any CPU.Build.0 = Release|Any CPU
		{85B83C94-3B9D-49D6-8EF0-933D638A73AF}.Debug|Any CPU.ActiveCfg = Debug|Any CPU
		{85B83C94-3B9D-49D6-8EF0-933D638A73AF}.Debug|Any CPU.Build.0 = Debug|Any CPU
		{85B83C94-3B9D-49D6-8EF0-933D638A73AF}.Release|Any CPU.ActiveCfg = Release|Any CPU
		{85B83C94-3B9D-49D6-8EF0-933D638A73AF}.Release|Any CPU.Build.0 = Release|Any CPU
		{CFE0950E-32E5-4123-9F7D-B84A5FCB32C0}.Debug|Any CPU.ActiveCfg = Debug|Any CPU
		{CFE0950E-32E5-4123-9F7D-B84A5FCB32C0}.Debug|Any CPU.Build.0 = Debug|Any CPU
		{CFE0950E-32E5-4123-9F7D-B84A5FCB32C0}.Release|Any CPU.ActiveCfg = Release|Any CPU
		{CFE0950E-32E5-4123-9F7D-B84A5FCB32C0}.Release|Any CPU.Build.0 = Release|Any CPU
		{6D8E551D-CF7B-4A2A-8A05-3A87DE5BE793}.Debug|Any CPU.ActiveCfg = Debug|Any CPU
		{6D8E551D-CF7B-4A2A-8A05-3A87DE5BE793}.Debug|Any CPU.Build.0 = Debug|Any CPU
		{6D8E551D-CF7B-4A2A-8A05-3A87DE5BE793}.Release|Any CPU.ActiveCfg = Release|Any CPU
		{6D8E551D-CF7B-4A2A-8A05-3A87DE5BE793}.Release|Any CPU.Build.0 = Release|Any CPU
		{443ADEB7-2EEA-4B62-9C8A-72E379289F9F}.Debug|Any CPU.ActiveCfg = Debug|Any CPU
		{443ADEB7-2EEA-4B62-9C8A-72E379289F9F}.Debug|Any CPU.Build.0 = Debug|Any CPU
		{443ADEB7-2EEA-4B62-9C8A-72E379289F9F}.Release|Any CPU.ActiveCfg = Release|Any CPU
		{443ADEB7-2EEA-4B62-9C8A-72E379289F9F}.Release|Any CPU.Build.0 = Release|Any CPU
		{30F6EEBC-11A5-4345-943C-702E39FDAF54}.Debug|Any CPU.ActiveCfg = Debug|Any CPU
		{30F6EEBC-11A5-4345-943C-702E39FDAF54}.Debug|Any CPU.Build.0 = Debug|Any CPU
		{30F6EEBC-11A5-4345-943C-702E39FDAF54}.Release|Any CPU.ActiveCfg = Release|Any CPU
		{30F6EEBC-11A5-4345-943C-702E39FDAF54}.Release|Any CPU.Build.0 = Release|Any CPU
		{72712E5D-9987-47AA-8866-6AD294B73F9F}.Debug|Any CPU.ActiveCfg = Debug|Any CPU
		{72712E5D-9987-47AA-8866-6AD294B73F9F}.Debug|Any CPU.Build.0 = Debug|Any CPU
		{72712E5D-9987-47AA-8866-6AD294B73F9F}.Release|Any CPU.ActiveCfg = Release|Any CPU
		{72712E5D-9987-47AA-8866-6AD294B73F9F}.Release|Any CPU.Build.0 = Release|Any CPU
		{D42F111B-676E-4C8E-A866-25997334E4D5}.Debug|Any CPU.ActiveCfg = Debug|Any CPU
		{D42F111B-676E-4C8E-A866-25997334E4D5}.Debug|Any CPU.Build.0 = Debug|Any CPU
		{D42F111B-676E-4C8E-A866-25997334E4D5}.Release|Any CPU.ActiveCfg = Release|Any CPU
		{D42F111B-676E-4C8E-A866-25997334E4D5}.Release|Any CPU.Build.0 = Release|Any CPU
		{4A6C11DF-A32E-4041-8102-39C53BB2E144}.Debug|Any CPU.ActiveCfg = Debug|Any CPU
		{4A6C11DF-A32E-4041-8102-39C53BB2E144}.Debug|Any CPU.Build.0 = Debug|Any CPU
		{4A6C11DF-A32E-4041-8102-39C53BB2E144}.Release|Any CPU.ActiveCfg = Release|Any CPU
		{4A6C11DF-A32E-4041-8102-39C53BB2E144}.Release|Any CPU.Build.0 = Release|Any CPU
		{B8BC8B9B-49CA-4240-AC8B-EACA6D326474}.Debug|Any CPU.ActiveCfg = Debug|Any CPU
		{B8BC8B9B-49CA-4240-AC8B-EACA6D326474}.Debug|Any CPU.Build.0 = Debug|Any CPU
		{B8BC8B9B-49CA-4240-AC8B-EACA6D326474}.Release|Any CPU.ActiveCfg = Release|Any CPU
		{B8BC8B9B-49CA-4240-AC8B-EACA6D326474}.Release|Any CPU.Build.0 = Release|Any CPU
		{FA46C4A9-8E5A-479D-AC09-9ADE5B00A992}.Debug|Any CPU.ActiveCfg = Debug|Any CPU
		{FA46C4A9-8E5A-479D-AC09-9ADE5B00A992}.Debug|Any CPU.Build.0 = Debug|Any CPU
		{FA46C4A9-8E5A-479D-AC09-9ADE5B00A992}.Release|Any CPU.ActiveCfg = Release|Any CPU
		{FA46C4A9-8E5A-479D-AC09-9ADE5B00A992}.Release|Any CPU.Build.0 = Release|Any CPU
		{3795F1F2-74E3-4CFA-ABC7-38143BCCC929}.Debug|Any CPU.ActiveCfg = Debug|Any CPU
		{3795F1F2-74E3-4CFA-ABC7-38143BCCC929}.Debug|Any CPU.Build.0 = Debug|Any CPU
		{3795F1F2-74E3-4CFA-ABC7-38143BCCC929}.Release|Any CPU.ActiveCfg = Release|Any CPU
		{3795F1F2-74E3-4CFA-ABC7-38143BCCC929}.Release|Any CPU.Build.0 = Release|Any CPU
	EndGlobalSection
	GlobalSection(SolutionProperties) = preSolution
		HideSolutionNode = FALSE
	EndGlobalSection
	GlobalSection(NestedProjects) = preSolution
		{45CF8219-78EA-4AEE-AABD-A2BD40E2FA92} = {3D98A675-E8CE-4446-B0CE-7F3300BC0A2E}
		{23246DC5-749E-4F2C-B3DA-A92617E01966} = {3D98A675-E8CE-4446-B0CE-7F3300BC0A2E}
		{0E189059-C89D-45A5-ACF6-9EB1F2C8932D} = {8A60A074-7650-430C-B662-15936D24F605}
		{33A77C23-2A54-450A-9626-85D96B855BD6} = {8A60A074-7650-430C-B662-15936D24F605}
		{D5148F20-68E4-4966-8C7E-AC19845203EF} = {021D90C4-071C-44D0-9D0C-E47116811197}
		{91045497-995F-41A7-8878-C7FCB62DA5CD} = {021D90C4-071C-44D0-9D0C-E47116811197}
		{4BBBF4B7-EA0C-4EBE-9BEB-F0F45CEB2174} = {6C57D29C-B164-447E-82F0-F59D226C6736}
		{562E0CCB-D8C0-410E-823A-C301226EB130} = {6C57D29C-B164-447E-82F0-F59D226C6736}
		{24472585-7B88-4823-940B-AC670A914727} = {86271382-7642-41C4-98C9-0F864F8421BC}
		{EF00808E-5B6B-43E6-81C4-E06084FC92FC} = {86271382-7642-41C4-98C9-0F864F8421BC}
		{79BF756B-655A-4640-8BD6-C500693BFF58} = {3B5D9DB9-61D2-4195-AAE8-7FE9EB880F23}
		{85B83C94-3B9D-49D6-8EF0-933D638A73AF} = {3B5D9DB9-61D2-4195-AAE8-7FE9EB880F23}
		{CFE0950E-32E5-4123-9F7D-B84A5FCB32C0} = {ED7E5630-D040-4CE3-8A3A-E0059DB11A0A}
		{6D8E551D-CF7B-4A2A-8A05-3A87DE5BE793} = {ED7E5630-D040-4CE3-8A3A-E0059DB11A0A}
		{443ADEB7-2EEA-4B62-9C8A-72E379289F9F} = {B8DCDA08-32BA-447E-B75B-76B4F7855279}
		{30F6EEBC-11A5-4345-943C-702E39FDAF54} = {B8DCDA08-32BA-447E-B75B-76B4F7855279}
		{72712E5D-9987-47AA-8866-6AD294B73F9F} = {D542D17A-CAD9-4BDA-AE41-9B3379DE47B4}
		{D42F111B-676E-4C8E-A866-25997334E4D5} = {D542D17A-CAD9-4BDA-AE41-9B3379DE47B4}
		{4A6C11DF-A32E-4041-8102-39C53BB2E144} = {898074A8-62A1-4114-B9C1-8DD1CE127189}
		{B8BC8B9B-49CA-4240-AC8B-EACA6D326474} = {898074A8-62A1-4114-B9C1-8DD1CE127189}
		{FA46C4A9-8E5A-479D-AC09-9ADE5B00A992} = {4144DF73-9F49-4897-9A10-349F921AEB9E}
		{3795F1F2-74E3-4CFA-ABC7-38143BCCC929} = {4144DF73-9F49-4897-9A10-349F921AEB9E}
	EndGlobalSection
EndGlobal
