
Microsoft Visual Studio Solution File, Format Version 12.00
# Visual Studio Version 17
VisualStudioVersion = 17.12.35521.163
MinimumVisualStudioVersion = 10.0.40219.1
Project("{FAE04EC0-301F-11D3-BF4B-00C04F79EFBC}") = "ExerciseTests", "ExerciseTests\ExerciseTests.csproj", "{45CF8219-78EA-4AEE-AABD-A2BD40E2FA92}"
EndProject
Project("{FAE04EC0-301F-11D3-BF4B-00C04F79EFBC}") = "ClassLibrary", "ClassLibrary\ClassLibrary.csproj", "{23246DC5-749E-4F2C-B3DA-A92617E01966}"
EndProject
Project("{2150E333-8FDC-42A3-9474-1A3956D46DE8}") = "Basics", "Basics", "{3D98A675-E8CE-4446-B0CE-7F3300BC0A2E}"
EndProject
Project("{2150E333-8FDC-42A3-9474-1A3956D46DE8}") = "BasicsAlgorithm", "BasicsAlgorithm", "{8A60A074-7650-430C-B662-15936D24F605}"
EndProject
Project("{FAE04EC0-301F-11D3-BF4B-00C04F79EFBC}") = "BasicAlgorithmTests", "BasicAlgorithmTests\BasicAlgorithmTests.csproj", "{0E189059-C89D-45A5-ACF6-9EB1F2C8932D}"
EndProject
Project("{FAE04EC0-301F-11D3-BF4B-00C04F79EFBC}") = "BasicAlgorithmClass", "BasicAlgorithmClass\BasicAlgorithmClass.csproj", "{33A77C23-2A54-450A-9626-85D96B855BD6}"
EndProject
Project("{2150E333-8FDC-42A3-9474-1A3956D46DE8}") = "DataTypes", "DataTypes", "{021D90C4-071C-44D0-9D0C-E47116811197}"
EndProject
Project("{FAE04EC0-301F-11D3-BF4B-00C04F79EFBC}") = "DataTypeLibrary", "DataTypeClass\DataTypeLibrary.csproj", "{D5148F20-68E4-4966-8C7E-AC19845203EF}"
EndProject
Project("{FAE04EC0-301F-11D3-BF4B-00C04F79EFBC}") = "DataTypeTests", "DataTypeTests\DataTypeTests.csproj", "{91045497-995F-41A7-8878-C7FCB62DA5CD}"
EndProject
Project("{2150E333-8FDC-42A3-9474-1A3956D46DE8}") = "ConditionalStatements", "ConditionalStatements", "{6C57D29C-B164-447E-82F0-F59D226C6736}"
EndProject
Project("{FAE04EC0-301F-11D3-BF4B-00C04F79EFBC}") = "ConditionalLibrary", "ConditionalLibrary\ConditionalLibrary.csproj", "{4BBBF4B7-EA0C-4EBE-9BEB-F0F45CEB2174}"
EndProject
Project("{FAE04EC0-301F-11D3-BF4B-00C04F79EFBC}") = "ConditionalTests", "ConditionalTests\ConditionalTests.csproj", "{562E0CCB-D8C0-410E-823A-C301226EB130}"
EndProject
Project("{2150E333-8FDC-42A3-9474-1A3956D46DE8}") = "ForLoop", "ForLoop", "{86271382-7642-41C4-98C9-0F864F8421BC}"
EndProject
Project("{FAE04EC0-301F-11D3-BF4B-00C04F79EFBC}") = "ForLoopLibrary", "ForLoopLibrary\ForLoopLibrary.csproj", "{24472585-7B88-4823-940B-AC670A914727}"
EndProject
Project("{FAE04EC0-301F-11D3-BF4B-00C04F79EFBC}") = "ForLoopTests", "ForLoopTests\ForLoopTests.csproj", "{EF00808E-5B6B-43E6-81C4-E06084FC92FC}"
EndProject
Project("{2150E333-8FDC-42A3-9474-1A3956D46DE8}") = "Array", "Array", "{3B5D9DB9-61D2-4195-AAE8-7FE9EB880F23}"
EndProject
Project("{FAE04EC0-301F-11D3-BF4B-00C04F79EFBC}") = "ArrayLibrary", "ArrayLibrary\ArrayLibrary.csproj", "{79BF756B-655A-4640-8BD6-C500693BFF58}"
EndProject
Project("{FAE04EC0-301F-11D3-BF4B-00C04F79EFBC}") = "ArrayTests", "ArrayTests\ArrayTests.csproj", "{85B83C94-3B9D-49D6-8EF0-933D638A73AF}"
EndProject
Global
	GlobalSection(SolutionConfigurationPlatforms) = preSolution
		Debug|Any CPU = Debug|Any CPU
		Release|Any CPU = Release|Any CPU
	EndGlobalSection
	GlobalSection(ProjectConfigurationPlatforms) = postSolution
		{45CF8219-78EA-4AEE-AABD-A2BD40E2FA92}.Debug|Any CPU.ActiveCfg = Debug|Any CPU
		{45CF8219-78EA-4AEE-AABD-A2BD40E2FA92}.Debug|Any CPU.Build.0 = Debug|Any CPU
		{45CF8219-78EA-4AEE-AABD-A2BD40E2FA92}.Release|Any CPU.ActiveCfg = Release|Any CPU
		{45CF8219-78EA-4AEE-AABD-A2BD40E2FA92}.Release|Any CPU.Build.0 = Release|Any CPU
		{23246DC5-749E-4F2C-B3DA-A92617E01966}.Debug|Any CPU.ActiveCfg = Debug|Any CPU
		{23246DC5-749E-4F2C-B3DA-A92617E01966}.Debug|Any CPU.Build.0 = Debug|Any CPU
		{23246DC5-749E-4F2C-B3DA-A92617E01966}.Release|Any CPU.ActiveCfg = Release|Any CPU
		{23246DC5-749E-4F2C-B3DA-A92617E01966}.Release|Any CPU.Build.0 = Release|Any CPU
		{0E189059-C89D-45A5-ACF6-9EB1F2C8932D}.Debug|Any CPU.ActiveCfg = Debug|Any CPU
		{0E189059-C89D-45A5-ACF6-9EB1F2C8932D}.Debug|Any CPU.Build.0 = Debug|Any CPU
		{0E189059-C89D-45A5-ACF6-9EB1F2C8932D}.Release|Any CPU.ActiveCfg = Release|Any CPU
		{0E189059-C89D-45A5-ACF6-9EB1F2C8932D}.Release|Any CPU.Build.0 = Release|Any CPU
		{33A77C23-2A54-450A-9626-85D96B855BD6}.Debug|Any CPU.ActiveCfg = Debug|Any CPU
		{33A77C23-2A54-450A-9626-85D96B855BD6}.Debug|Any CPU.Build.0 = Debug|Any CPU
		{33A77C23-2A54-450A-9626-85D96B855BD6}.Release|Any CPU.ActiveCfg = Release|Any CPU
		{33A77C23-2A54-450A-9626-85D96B855BD6}.Release|Any CPU.Build.0 = Release|Any CPU
		{D5148F20-68E4-4966-8C7E-AC19845203EF}.Debug|Any CPU.ActiveCfg = Debug|Any CPU
		{D5148F20-68E4-4966-8C7E-AC19845203EF}.Debug|Any CPU.Build.0 = Debug|Any CPU
		{D5148F20-68E4-4966-8C7E-AC19845203EF}.Release|Any CPU.ActiveCfg = Release|Any CPU
		{D5148F20-68E4-4966-8C7E-AC19845203EF}.Release|Any CPU.Build.0 = Release|Any CPU
		{91045497-995F-41A7-8878-C7FCB62DA5CD}.Debug|Any CPU.ActiveCfg = Debug|Any CPU
		{91045497-995F-41A7-8878-C7FCB62DA5CD}.Debug|Any CPU.Build.0 = Debug|Any CPU
		{91045497-995F-41A7-8878-C7FCB62DA5CD}.Release|Any CPU.ActiveCfg = Release|Any CPU
		{91045497-995F-41A7-8878-C7FCB62DA5CD}.Release|Any CPU.Build.0 = Release|Any CPU
		{4BBBF4B7-EA0C-4EBE-9BEB-F0F45CEB2174}.Debug|Any CPU.ActiveCfg = Debug|Any CPU
		{4BBBF4B7-EA0C-4EBE-9BEB-F0F45CEB2174}.Debug|Any CPU.Build.0 = Debug|Any CPU
		{4BBBF4B7-EA0C-4EBE-9BEB-F0F45CEB2174}.Release|Any CPU.ActiveCfg = Release|Any CPU
		{4BBBF4B7-EA0C-4EBE-9BEB-F0F45CEB2174}.Release|Any CPU.Build.0 = Release|Any CPU
		{562E0CCB-D8C0-410E-823A-C301226EB130}.Debug|Any CPU.ActiveCfg = Debug|Any CPU
		{562E0CCB-D8C0-410E-823A-C301226EB130}.Debug|Any CPU.Build.0 = Debug|Any CPU
		{562E0CCB-D8C0-410E-823A-C301226EB130}.Release|Any CPU.ActiveCfg = Release|Any CPU
		{562E0CCB-D8C0-410E-823A-C301226EB130}.Release|Any CPU.Build.0 = Release|Any CPU
		{24472585-7B88-4823-940B-AC670A914727}.Debug|Any CPU.ActiveCfg = Debug|Any CPU
		{24472585-7B88-4823-940B-AC670A914727}.Debug|Any CPU.Build.0 = Debug|Any CPU
		{24472585-7B88-4823-940B-AC670A914727}.Release|Any CPU.ActiveCfg = Release|Any CPU
		{24472585-7B88-4823-940B-AC670A914727}.Release|Any CPU.Build.0 = Release|Any CPU
		{EF00808E-5B6B-43E6-81C4-E06084FC92FC}.Debug|Any CPU.ActiveCfg = Debug|Any CPU
		{EF00808E-5B6B-43E6-81C4-E06084FC92FC}.Debug|Any CPU.Build.0 = Debug|Any CPU
		{EF00808E-5B6B-43E6-81C4-E06084FC92FC}.Release|Any CPU.ActiveCfg = Release|Any CPU
		{EF00808E-5B6B-43E6-81C4-E06084FC92FC}.Release|Any CPU.Build.0 = Release|Any CPU
		{79BF756B-655A-4640-8BD6-C500693BFF58}.Debug|Any CPU.ActiveCfg = Debug|Any CPU
		{79BF756B-655A-4640-8BD6-C500693BFF58}.Debug|Any CPU.Build.0 = Debug|Any CPU
		{79BF756B-655A-4640-8BD6-C500693BFF58}.Release|Any CPU.ActiveCfg = Release|Any CPU
		{79BF756B-655A-4640-8BD6-C500693BFF58}.Release|Any CPU.Build.0 = Release|Any CPU
		{85B83C94-3B9D-49D6-8EF0-933D638A73AF}.Debug|Any CPU.ActiveCfg = Debug|Any CPU
		{85B83C94-3B9D-49D6-8EF0-933D638A73AF}.Debug|Any CPU.Build.0 = Debug|Any CPU
		{85B83C94-3B9D-49D6-8EF0-933D638A73AF}.Release|Any CPU.ActiveCfg = Release|Any CPU
		{85B83C94-3B9D-49D6-8EF0-933D638A73AF}.Release|Any CPU.Build.0 = Release|Any CPU
	EndGlobalSection
	GlobalSection(SolutionProperties) = preSolution
		HideSolutionNode = FALSE
	EndGlobalSection
	GlobalSection(NestedProjects) = preSolution
		{45CF8219-78EA-4AEE-AABD-A2BD40E2FA92} = {3D98A675-E8CE-4446-B0CE-7F3300BC0A2E}
		{23246DC5-749E-4F2C-B3DA-A92617E01966} = {3D98A675-E8CE-4446-B0CE-7F3300BC0A2E}
		{0E189059-C89D-45A5-ACF6-9EB1F2C8932D} = {8A60A074-7650-430C-B662-15936D24F605}
		{33A77C23-2A54-450A-9626-85D96B855BD6} = {8A60A074-7650-430C-B662-15936D24F605}
		{D5148F20-68E4-4966-8C7E-AC19845203EF} = {021D90C4-071C-44D0-9D0C-E47116811197}
		{91045497-995F-41A7-8878-C7FCB62DA5CD} = {021D90C4-071C-44D0-9D0C-E47116811197}
		{4BBBF4B7-EA0C-4EBE-9BEB-F0F45CEB2174} = {6C57D29C-B164-447E-82F0-F59D226C6736}
		{562E0CCB-D8C0-410E-823A-C301226EB130} = {6C57D29C-B164-447E-82F0-F59D226C6736}
		{24472585-7B88-4823-940B-AC670A914727} = {86271382-7642-41C4-98C9-0F864F8421BC}
		{EF00808E-5B6B-43E6-81C4-E06084FC92FC} = {86271382-7642-41C4-98C9-0F864F8421BC}
		{79BF756B-655A-4640-8BD6-C500693BFF58} = {3B5D9DB9-61D2-4195-AAE8-7FE9EB880F23}
		{85B83C94-3B9D-49D6-8EF0-933D638A73AF} = {3B5D9DB9-61D2-4195-AAE8-7FE9EB880F23}
	EndGlobalSection
EndGlobal
